// !$*UTF8*$!
{
	archiveVersion = 1;
	classes = {
	};
	objectVersion = 46;
	objects = {

/* Begin PBXBuildFile section */
		65B2C2611F4EC9740037BED2 /* BinarySearch.cpp in Sources */ = {isa = PBXBuildFile; fileRef = 65B2C24E1F4EC9740037BED2 /* BinarySearch.cpp */; };
		65B2C2621F4EC9740037BED2 /* HashTable.cpp in Sources */ = {isa = PBXBuildFile; fileRef = 65B2C2501F4EC9740037BED2 /* HashTable.cpp */; };
		65B2C2631F4EC9740037BED2 /* LinkedList.cpp in Sources */ = {isa = PBXBuildFile; fileRef = 65B2C2521F4EC9740037BED2 /* LinkedList.cpp */; };
		65B2C2641F4EC9740037BED2 /* main.cpp in Sources */ = {isa = PBXBuildFile; fileRef = 65B2C2541F4EC9740037BED2 /* main.cpp */; };
		65B2C2651F4EC9740037BED2 /* Network.cpp in Sources */ = {isa = PBXBuildFile; fileRef = 65B2C2551F4EC9740037BED2 /* Network.cpp */; };
		65B2C2661F4EC9740037BED2 /* OS.cpp in Sources */ = {isa = PBXBuildFile; fileRef = 65B2C2571F4EC9740037BED2 /* OS.cpp */; };
		65B2C2671F4EC9740037BED2 /* Queue_Array.cpp in Sources */ = {isa = PBXBuildFile; fileRef = 65B2C2591F4EC9740037BED2 /* Queue_Array.cpp */; };
		65B2C2681F4EC9740037BED2 /* Queue_LinkedList.cpp in Sources */ = {isa = PBXBuildFile; fileRef = 65B2C25B1F4EC9740037BED2 /* Queue_LinkedList.cpp */; };
		65B2C2691F4EC9740037BED2 /* Stack.cpp in Sources */ = {isa = PBXBuildFile; fileRef = 65B2C25D1F4EC9740037BED2 /* Stack.cpp */; };
		65B2C26A1F4EC9740037BED2 /* Strings.cpp in Sources */ = {isa = PBXBuildFile; fileRef = 65B2C25F1F4EC9740037BED2 /* Strings.cpp */; };
/* End PBXBuildFile section */

/* Begin PBXCopyFilesBuildPhase section */
		652E4AF31F4BEE2A006AB2C5 /* CopyFiles */ = {
			isa = PBXCopyFilesBuildPhase;
			buildActionMask = 2147483647;
			dstPath = /usr/share/man/man1/;
			dstSubfolderSpec = 0;
			files = (
			);
			runOnlyForDeploymentPostprocessing = 1;
		};
/* End PBXCopyFilesBuildPhase section */

/* Begin PBXFileReference section */
		652E4AF51F4BEE2A006AB2C5 /* cppBootcamp */ = {isa = PBXFileReference; explicitFileType = "compiled.mach-o.executable"; includeInIndex = 0; path = cppBootcamp; sourceTree = BUILT_PRODUCTS_DIR; };
		65B2C24E1F4EC9740037BED2 /* BinarySearch.cpp */ = {isa = PBXFileReference; fileEncoding = 4; lastKnownFileType = sourcecode.cpp.cpp; path = BinarySearch.cpp; sourceTree = "<group>"; };
		65B2C24F1F4EC9740037BED2 /* BinarySearch.hpp */ = {isa = PBXFileReference; fileEncoding = 4; lastKnownFileType = sourcecode.cpp.h; path = BinarySearch.hpp; sourceTree = "<group>"; };
		65B2C2501F4EC9740037BED2 /* HashTable.cpp */ = {isa = PBXFileReference; fileEncoding = 4; lastKnownFileType = sourcecode.cpp.cpp; path = HashTable.cpp; sourceTree = "<group>"; };
		65B2C2511F4EC9740037BED2 /* HashTable.hpp */ = {isa = PBXFileReference; fileEncoding = 4; lastKnownFileType = sourcecode.cpp.h; path = HashTable.hpp; sourceTree = "<group>"; };
		65B2C2521F4EC9740037BED2 /* LinkedList.cpp */ = {isa = PBXFileReference; fileEncoding = 4; lastKnownFileType = sourcecode.cpp.cpp; path = LinkedList.cpp; sourceTree = "<group>"; };
		65B2C2531F4EC9740037BED2 /* LinkedList.hpp */ = {isa = PBXFileReference; fileEncoding = 4; lastKnownFileType = sourcecode.cpp.h; path = LinkedList.hpp; sourceTree = "<group>"; };
		65B2C2541F4EC9740037BED2 /* main.cpp */ = {isa = PBXFileReference; fileEncoding = 4; lastKnownFileType = sourcecode.cpp.cpp; path = main.cpp; sourceTree = "<group>"; };
		65B2C2551F4EC9740037BED2 /* Network.cpp */ = {isa = PBXFileReference; fileEncoding = 4; lastKnownFileType = sourcecode.cpp.cpp; path = Network.cpp; sourceTree = "<group>"; };
		65B2C2561F4EC9740037BED2 /* Network.hpp */ = {isa = PBXFileReference; fileEncoding = 4; lastKnownFileType = sourcecode.cpp.h; path = Network.hpp; sourceTree = "<group>"; };
		65B2C2571F4EC9740037BED2 /* OS.cpp */ = {isa = PBXFileReference; fileEncoding = 4; lastKnownFileType = sourcecode.cpp.cpp; path = OS.cpp; sourceTree = "<group>"; };
		65B2C2581F4EC9740037BED2 /* OS.hpp */ = {isa = PBXFileReference; fileEncoding = 4; lastKnownFileType = sourcecode.cpp.h; path = OS.hpp; sourceTree = "<group>"; };
		65B2C2591F4EC9740037BED2 /* Queue_Array.cpp */ = {isa = PBXFileReference; fileEncoding = 4; lastKnownFileType = sourcecode.cpp.cpp; path = Queue_Array.cpp; sourceTree = "<group>"; };
		65B2C25A1F4EC9740037BED2 /* Queue_Array.hpp */ = {isa = PBXFileReference; fileEncoding = 4; lastKnownFileType = sourcecode.cpp.h; path = Queue_Array.hpp; sourceTree = "<group>"; };
		65B2C25B1F4EC9740037BED2 /* Queue_LinkedList.cpp */ = {isa = PBXFileReference; fileEncoding = 4; lastKnownFileType = sourcecode.cpp.cpp; path = Queue_LinkedList.cpp; sourceTree = "<group>"; };
		65B2C25C1F4EC9740037BED2 /* Queue_LinkedList.hpp */ = {isa = PBXFileReference; fileEncoding = 4; lastKnownFileType = sourcecode.cpp.h; path = Queue_LinkedList.hpp; sourceTree = "<group>"; };
		65B2C25D1F4EC9740037BED2 /* Stack.cpp */ = {isa = PBXFileReference; fileEncoding = 4; lastKnownFileType = sourcecode.cpp.cpp; path = Stack.cpp; sourceTree = "<group>"; };
		65B2C25E1F4EC9740037BED2 /* Stack.hpp */ = {isa = PBXFileReference; fileEncoding = 4; lastKnownFileType = sourcecode.cpp.h; path = Stack.hpp; sourceTree = "<group>"; };
		65B2C25F1F4EC9740037BED2 /* Strings.cpp */ = {isa = PBXFileReference; fileEncoding = 4; lastKnownFileType = sourcecode.cpp.cpp; path = Strings.cpp; sourceTree = "<group>"; };
		65B2C2601F4EC9740037BED2 /* Strings.hpp */ = {isa = PBXFileReference; fileEncoding = 4; lastKnownFileType = sourcecode.cpp.h; path = Strings.hpp; sourceTree = "<group>"; };
/* End PBXFileReference section */

/* Begin PBXFrameworksBuildPhase section */
		652E4AF21F4BEE2A006AB2C5 /* Frameworks */ = {
			isa = PBXFrameworksBuildPhase;
			buildActionMask = 2147483647;
			files = (
			);
			runOnlyForDeploymentPostprocessing = 0;
		};
/* End PBXFrameworksBuildPhase section */

/* Begin PBXGroup section */
		652E4AEC1F4BEE2A006AB2C5 = {
			isa = PBXGroup;
			children = (
				652E4AF71F4BEE2A006AB2C5 /* cppBootcamp */,
				652E4AF61F4BEE2A006AB2C5 /* Products */,
			);
			sourceTree = "<group>";
		};
		652E4AF61F4BEE2A006AB2C5 /* Products */ = {
			isa = PBXGroup;
			children = (
				652E4AF51F4BEE2A006AB2C5 /* cppBootcamp */,
			);
			name = Products;
			sourceTree = "<group>";
		};
		652E4AF71F4BEE2A006AB2C5 /* cppBootcamp */ = {
			isa = PBXGroup;
			children = (
				65B2C24E1F4EC9740037BED2 /* BinarySearch.cpp */,
				65B2C24F1F4EC9740037BED2 /* BinarySearch.hpp */,
				65B2C2501F4EC9740037BED2 /* HashTable.cpp */,
				65B2C2511F4EC9740037BED2 /* HashTable.hpp */,
				65B2C2521F4EC9740037BED2 /* LinkedList.cpp */,
				65B2C2531F4EC9740037BED2 /* LinkedList.hpp */,
				65B2C2541F4EC9740037BED2 /* main.cpp */,
				65B2C2551F4EC9740037BED2 /* Network.cpp */,
				65B2C2561F4EC9740037BED2 /* Network.hpp */,
				65B2C2571F4EC9740037BED2 /* OS.cpp */,
				65B2C2581F4EC9740037BED2 /* OS.hpp */,
				65B2C2591F4EC9740037BED2 /* Queue_Array.cpp */,
				65B2C25A1F4EC9740037BED2 /* Queue_Array.hpp */,
				65B2C25B1F4EC9740037BED2 /* Queue_LinkedList.cpp */,
				65B2C25C1F4EC9740037BED2 /* Queue_LinkedList.hpp */,
				65B2C25D1F4EC9740037BED2 /* Stack.cpp */,
				65B2C25E1F4EC9740037BED2 /* Stack.hpp */,
				65B2C25F1F4EC9740037BED2 /* Strings.cpp */,
				65B2C2601F4EC9740037BED2 /* Strings.hpp */,
			);
			path = cppBootcamp;
			sourceTree = "<group>";
		};
/* End PBXGroup section */

/* Begin PBXNativeTarget section */
		652E4AF41F4BEE2A006AB2C5 /* cppBootcamp */ = {
			isa = PBXNativeTarget;
			buildConfigurationList = 652E4AFC1F4BEE2A006AB2C5 /* Build configuration list for PBXNativeTarget "cppBootcamp" */;
			buildPhases = (
				652E4AF11F4BEE2A006AB2C5 /* Sources */,
				652E4AF21F4BEE2A006AB2C5 /* Frameworks */,
				652E4AF31F4BEE2A006AB2C5 /* CopyFiles */,
			);
			buildRules = (
			);
			dependencies = (
			);
			name = cppBootcamp;
			productName = cppBootcamp;
			productReference = 652E4AF51F4BEE2A006AB2C5 /* cppBootcamp */;
			productType = "com.apple.product-type.tool";
		};
/* End PBXNativeTarget section */

/* Begin PBXProject section */
		652E4AED1F4BEE2A006AB2C5 /* Project object */ = {
			isa = PBXProject;
			attributes = {
				LastUpgradeCheck = 0830;
				ORGANIZATIONNAME = "Zorik Cherfas";
				TargetAttributes = {
					652E4AF41F4BEE2A006AB2C5 = {
						CreatedOnToolsVersion = 8.3.2;
						ProvisioningStyle = Automatic;
					};
				};
			};
			buildConfigurationList = 652E4AF01F4BEE2A006AB2C5 /* Build configuration list for PBXProject "cppBootCamp" */;
			compatibilityVersion = "Xcode 3.2";
			developmentRegion = English;
			hasScannedForEncodings = 0;
			knownRegions = (
				en,
			);
			mainGroup = 652E4AEC1F4BEE2A006AB2C5;
			productRefGroup = 652E4AF61F4BEE2A006AB2C5 /* Products */;
			projectDirPath = "";
			projectRoot = "";
			targets = (
				652E4AF41F4BEE2A006AB2C5 /* cppBootcamp */,
			);
		};
/* End PBXProject section */

/* Begin PBXSourcesBuildPhase section */
		652E4AF11F4BEE2A006AB2C5 /* Sources */ = {
			isa = PBXSourcesBuildPhase;
			buildActionMask = 2147483647;
			files = (
				65B2C2691F4EC9740037BED2 /* Stack.cpp in Sources */,
				65B2C2611F4EC9740037BED2 /* BinarySearch.cpp in Sources */,
				65B2C2631F4EC9740037BED2 /* LinkedList.cpp in Sources */,
				65B2C2681F4EC9740037BED2 /* Queue_LinkedList.cpp in Sources */,
				65B2C2671F4EC9740037BED2 /* Queue_Array.cpp in Sources */,
				65B2C2661F4EC9740037BED2 /* OS.cpp in Sources */,
				65B2C2641F4EC9740037BED2 /* main.cpp in Sources */,
				65B2C2651F4EC9740037BED2 /* Network.cpp in Sources */,
				65B2C2621F4EC9740037BED2 /* HashTable.cpp in Sources */,
				65B2C26A1F4EC9740037BED2 /* Strings.cpp in Sources */,
			);
			runOnlyForDeploymentPostprocessing = 0;
		};
/* End PBXSourcesBuildPhase section */

/* Begin XCBuildConfiguration section */
		652E4AFA1F4BEE2A006AB2C5 /* Debug */ = {
			isa = XCBuildConfiguration;
			buildSettings = {
				ALWAYS_SEARCH_USER_PATHS = NO;
				CLANG_ANALYZER_NONNULL = YES;
				CLANG_ANALYZER_NUMBER_OBJECT_CONVERSION = YES_AGGRESSIVE;
				CLANG_CXX_LANGUAGE_STANDARD = "gnu++0x";
				CLANG_CXX_LIBRARY = "libc++";
				CLANG_ENABLE_MODULES = YES;
				CLANG_ENABLE_OBJC_ARC = YES;
				CLANG_WARN_BOOL_CONVERSION = YES;
				CLANG_WARN_CONSTANT_CONVERSION = YES;
				CLANG_WARN_DIRECT_OBJC_ISA_USAGE = YES_ERROR;
				CLANG_WARN_DOCUMENTATION_COMMENTS = YES;
				CLANG_WARN_EMPTY_BODY = YES;
				CLANG_WARN_ENUM_CONVERSION = YES;
				CLANG_WARN_INFINITE_RECURSION = YES;
				CLANG_WARN_INT_CONVERSION = YES;
				CLANG_WARN_OBJC_ROOT_CLASS = YES_ERROR;
				CLANG_WARN_SUSPICIOUS_MOVE = YES;
				CLANG_WARN_UNREACHABLE_CODE = YES;
				CLANG_WARN__DUPLICATE_METHOD_MATCH = YES;
				CODE_SIGN_IDENTITY = "-";
				COPY_PHASE_STRIP = NO;
				DEBUG_INFORMATION_FORMAT = dwarf;
				ENABLE_STRICT_OBJC_MSGSEND = YES;
				ENABLE_TESTABILITY = YES;
				GCC_C_LANGUAGE_STANDARD = gnu99;
				GCC_DYNAMIC_NO_PIC = NO;
				GCC_NO_COMMON_BLOCKS = YES;
				GCC_OPTIMIZATION_LEVEL = 0;
				GCC_PREPROCESSOR_DEFINITIONS = (
					"DEBUG=1",
					"$(inherited)",
				);
				GCC_WARN_64_TO_32_BIT_CONVERSION = YES;
				GCC_WARN_ABOUT_RETURN_TYPE = YES_ERROR;
				GCC_WARN_UNDECLARED_SELECTOR = YES;
				GCC_WARN_UNINITIALIZED_AUTOS = YES_AGGRESSIVE;
				GCC_WARN_UNUSED_FUNCTION = YES;
				GCC_WARN_UNUSED_VARIABLE = YES;
				MACOSX_DEPLOYMENT_TARGET = 10.12;
				MTL_ENABLE_DEBUG_INFO = YES;
				ONLY_ACTIVE_ARCH = YES;
				SDKROOT = macosx;
			};
			name = Debug;
		};
		652E4AFB1F4BEE2A006AB2C5 /* Release */ = {
			isa = XCBuildConfiguration;
			buildSettings = {
				ALWAYS_SEARCH_USER_PATHS = NO;
				CLANG_ANALYZER_NONNULL = YES;
				CLANG_ANALYZER_NUMBER_OBJECT_CONVERSION = YES_AGGRESSIVE;
				CLANG_CXX_LANGUAGE_STANDARD = "gnu++0x";
				CLANG_CXX_LIBRARY = "libc++";
				CLANG_ENABLE_MODULES = YES;
				CLANG_ENABLE_OBJC_ARC = YES;
				CLANG_WARN_BOOL_CONVERSION = YES;
				CLANG_WARN_CONSTANT_CONVERSION = YES;
				CLANG_WARN_DIRECT_OBJC_ISA_USAGE = YES_ERROR;
				CLANG_WARN_DOCUMENTATION_COMMENTS = YES;
				CLANG_WARN_EMPTY_BODY = YES;
				CLANG_WARN_ENUM_CONVERSION = YES;
				CLANG_WARN_INFINITE_RECURSION = YES;
				CLANG_WARN_INT_CONVERSION = YES;
				CLANG_WARN_OBJC_ROOT_CLASS = YES_ERROR;
				CLANG_WARN_SUSPICIOUS_MOVE = YES;
				CLANG_WARN_UNREACHABLE_CODE = YES;
				CLANG_WARN__DUPLICATE_METHOD_MATCH = YES;
				CODE_SIGN_IDENTITY = "-";
				COPY_PHASE_STRIP = NO;
				DEBUG_INFORMATION_FORMAT = "dwarf-with-dsym";
				ENABLE_NS_ASSERTIONS = NO;
				ENABLE_STRICT_OBJC_MSGSEND = YES;
				GCC_C_LANGUAGE_STANDARD = gnu99;
				GCC_NO_COMMON_BLOCKS = YES;
				GCC_WARN_64_TO_32_BIT_CONVERSION = YES;
				GCC_WARN_ABOUT_RETURN_TYPE = YES_ERROR;
				GCC_WARN_UNDECLARED_SELECTOR = YES;
				GCC_WARN_UNINITIALIZED_AUTOS = YES_AGGRESSIVE;
				GCC_WARN_UNUSED_FUNCTION = YES;
				GCC_WARN_UNUSED_VARIABLE = YES;
				MACOSX_DEPLOYMENT_TARGET = 10.12;
				MTL_ENABLE_DEBUG_INFO = NO;
				SDKROOT = macosx;
			};
			name = Release;
		};
		652E4AFD1F4BEE2A006AB2C5 /* Debug */ = {
			isa = XCBuildConfiguration;
			buildSettings = {
				PRODUCT_NAME = "$(TARGET_NAME)";
			};
			name = Debug;
		};
		652E4AFE1F4BEE2A006AB2C5 /* Release */ = {
			isa = XCBuildConfiguration;
			buildSettings = {
				PRODUCT_NAME = "$(TARGET_NAME)";
			};
			name = Release;
		};
/* End XCBuildConfiguration section */

/* Begin XCConfigurationList section */
		652E4AF01F4BEE2A006AB2C5 /* Build configuration list for PBXProject "cppBootCamp" */ = {
			isa = XCConfigurationList;
			buildConfigurations = (
				652E4AFA1F4BEE2A006AB2C5 /* Debug */,
				652E4AFB1F4BEE2A006AB2C5 /* Release */,
			);
			defaultConfigurationIsVisible = 0;
			defaultConfigurationName = Release;
		};
		652E4AFC1F4BEE2A006AB2C5 /* Build configuration list for PBXNativeTarget "cppBootcamp" */ = {
			isa = XCConfigurationList;
			buildConfigurations = (
				652E4AFD1F4BEE2A006AB2C5 /* Debug */,
				652E4AFE1F4BEE2A006AB2C5 /* Release */,
			);
			defaultConfigurationIsVisible = 0;
			defaultConfigurationName = Release;
		};
/* End XCConfigurationList section */
	};
	rootObject = 652E4AED1F4BEE2A006AB2C5 /* Project object */;
}
